
Microsoft Visual Studio Solution File, Format Version 12.00
# Visual Studio Version 17
VisualStudioVersion = 17.0.31903.59
MinimumVisualStudioVersion = 10.0.40219.1
Project("{FAE04EC0-301F-11D3-BF4B-00C04F79EFBC}") = "InvenShopfy.Core", "InvenShopfy.Core\InvenShopfy.Core.csproj", "{23A0B16E-C464-4C49-B1FC-0F0924D9C120}"
EndProject
Project("{FAE04EC0-301F-11D3-BF4B-00C04F79EFBC}") = "InvenShopfy.API", "InvenShopfy.API\InvenShopfy.API.csproj", "{4B466450-489C-40F1-B5EF-F8BB6DF9D954}"
EndProject
Project("{FAE04EC0-301F-11D3-BF4B-00C04F79EFBC}") = "invenShopfy.Tests", "invenShopfy.Tests\invenShopfy.Tests.csproj", "{1CA12F76-202B-4353-904E-58EEC51A1E61}"
EndProject
Global
	GlobalSection(SolutionConfigurationPlatforms) = preSolution
		Debug|Any CPU = Debug|Any CPU
		Release|Any CPU = Release|Any CPU
	EndGlobalSection
	GlobalSection(SolutionProperties) = preSolution
		HideSolutionNode = FALSE
	EndGlobalSection
	GlobalSection(ProjectConfigurationPlatforms) = postSolution
		{23A0B16E-C464-4C49-B1FC-0F0924D9C120}.Debug|Any CPU.ActiveCfg = Debug|Any CPU
		{23A0B16E-C464-4C49-B1FC-0F0924D9C120}.Debug|Any CPU.Build.0 = Debug|Any CPU
		{23A0B16E-C464-4C49-B1FC-0F0924D9C120}.Release|Any CPU.ActiveCfg = Release|Any CPU
		{23A0B16E-C464-4C49-B1FC-0F0924D9C120}.Release|Any CPU.Build.0 = Release|Any CPU
		{4B466450-489C-40F1-B5EF-F8BB6DF9D954}.Debug|Any CPU.ActiveCfg = Debug|Any CPU
		{4B466450-489C-40F1-B5EF-F8BB6DF9D954}.Debug|Any CPU.Build.0 = Debug|Any CPU
		{4B466450-489C-40F1-B5EF-F8BB6DF9D954}.Release|Any CPU.ActiveCfg = Release|Any CPU
		{4B466450-489C-40F1-B5EF-F8BB6DF9D954}.Release|Any CPU.Build.0 = Release|Any CPU
		{1CA12F76-202B-4353-904E-58EEC51A1E61}.Debug|Any CPU.ActiveCfg = Debug|Any CPU
		{1CA12F76-202B-4353-904E-58EEC51A1E61}.Debug|Any CPU.Build.0 = Debug|Any CPU
		{1CA12F76-202B-4353-904E-58EEC51A1E61}.Release|Any CPU.ActiveCfg = Release|Any CPU
		{1CA12F76-202B-4353-904E-58EEC51A1E61}.Release|Any CPU.Build.0 = Release|Any CPU
	EndGlobalSection
EndGlobal
